// !$*UTF8*$!
{
	archiveVersion = 1;
	classes = {
	};
	objectVersion = 51;
	objects = {

/* Begin PBXBuildFile section */
		09398CD4255B46EA006A6AF7 /* AppDelegate.swift in Sources */ = {isa = PBXBuildFile; fileRef = 09398CD3255B46EA006A6AF7 /* AppDelegate.swift */; };
		09398CD6255B46EA006A6AF7 /* SceneDelegate.swift in Sources */ = {isa = PBXBuildFile; fileRef = 09398CD5255B46EA006A6AF7 /* SceneDelegate.swift */; };
		09398CD8255B46EA006A6AF7 /* ViewController.swift in Sources */ = {isa = PBXBuildFile; fileRef = 09398CD7255B46EA006A6AF7 /* ViewController.swift */; };
		09398CDB255B46EA006A6AF7 /* Main.storyboard in Resources */ = {isa = PBXBuildFile; fileRef = 09398CD9255B46EA006A6AF7 /* Main.storyboard */; };
		09398CDD255B46EB006A6AF7 /* Assets.xcassets in Resources */ = {isa = PBXBuildFile; fileRef = 09398CDC255B46EB006A6AF7 /* Assets.xcassets */; };
		09398CE0255B46EB006A6AF7 /* LaunchScreen.storyboard in Resources */ = {isa = PBXBuildFile; fileRef = 09398CDE255B46EB006A6AF7 /* LaunchScreen.storyboard */; };
		09586725255C8B7600D830DF /* Animation.swift in Sources */ = {isa = PBXBuildFile; fileRef = 09586724255C8B7600D830DF /* Animation.swift */; };
		09CDE061255CBF7100A2FB94 /* DataManager.swift in Sources */ = {isa = PBXBuildFile; fileRef = 09CDE060255CBF7100A2FB94 /* DataManager.swift */; };
		674C766BB171F0A6E020995F /* Pods_SpringAnimationApp.framework in Frameworks */ = {isa = PBXBuildFile; fileRef = 9245DA17D0C8772A3C85FA9E /* Pods_SpringAnimationApp.framework */; };
/* End PBXBuildFile section */

/* Begin PBXFileReference section */
		09398CD0255B46EA006A6AF7 /* SpringAnimationApp.app */ = {isa = PBXFileReference; explicitFileType = wrapper.application; includeInIndex = 0; path = SpringAnimationApp.app; sourceTree = BUILT_PRODUCTS_DIR; };
		09398CD3255B46EA006A6AF7 /* AppDelegate.swift */ = {isa = PBXFileReference; lastKnownFileType = sourcecode.swift; path = AppDelegate.swift; sourceTree = "<group>"; };
		09398CD5255B46EA006A6AF7 /* SceneDelegate.swift */ = {isa = PBXFileReference; lastKnownFileType = sourcecode.swift; path = SceneDelegate.swift; sourceTree = "<group>"; };
		09398CD7255B46EA006A6AF7 /* ViewController.swift */ = {isa = PBXFileReference; lastKnownFileType = sourcecode.swift; path = ViewController.swift; sourceTree = "<group>"; };
		09398CDA255B46EA006A6AF7 /* Base */ = {isa = PBXFileReference; lastKnownFileType = file.storyboard; name = Base; path = Base.lproj/Main.storyboard; sourceTree = "<group>"; };
		09398CDC255B46EB006A6AF7 /* Assets.xcassets */ = {isa = PBXFileReference; lastKnownFileType = folder.assetcatalog; path = Assets.xcassets; sourceTree = "<group>"; };
		09398CDF255B46EB006A6AF7 /* Base */ = {isa = PBXFileReference; lastKnownFileType = file.storyboard; name = Base; path = Base.lproj/LaunchScreen.storyboard; sourceTree = "<group>"; };
		09398CE1255B46EB006A6AF7 /* Info.plist */ = {isa = PBXFileReference; lastKnownFileType = text.plist.xml; path = Info.plist; sourceTree = "<group>"; };
		09586724255C8B7600D830DF /* Animation.swift */ = {isa = PBXFileReference; lastKnownFileType = sourcecode.swift; path = Animation.swift; sourceTree = "<group>"; };
		09CDE060255CBF7100A2FB94 /* DataManager.swift */ = {isa = PBXFileReference; lastKnownFileType = sourcecode.swift; path = DataManager.swift; sourceTree = "<group>"; };
		7CD96EC510B1FC7E97CC6F82 /* Pods-SpringAnimationApp.release.xcconfig */ = {isa = PBXFileReference; includeInIndex = 1; lastKnownFileType = text.xcconfig; name = "Pods-SpringAnimationApp.release.xcconfig"; path = "Target Support Files/Pods-SpringAnimationApp/Pods-SpringAnimationApp.release.xcconfig"; sourceTree = "<group>"; };
		9245DA17D0C8772A3C85FA9E /* Pods_SpringAnimationApp.framework */ = {isa = PBXFileReference; explicitFileType = wrapper.framework; includeInIndex = 0; path = Pods_SpringAnimationApp.framework; sourceTree = BUILT_PRODUCTS_DIR; };
		DBED5DA743233DB224B3790F /* Pods-SpringAnimationApp.debug.xcconfig */ = {isa = PBXFileReference; includeInIndex = 1; lastKnownFileType = text.xcconfig; name = "Pods-SpringAnimationApp.debug.xcconfig"; path = "Target Support Files/Pods-SpringAnimationApp/Pods-SpringAnimationApp.debug.xcconfig"; sourceTree = "<group>"; };
/* End PBXFileReference section */

/* Begin PBXFrameworksBuildPhase section */
		09398CCD255B46EA006A6AF7 /* Frameworks */ = {
			isa = PBXFrameworksBuildPhase;
			buildActionMask = 2147483647;
			files = (
				674C766BB171F0A6E020995F /* Pods_SpringAnimationApp.framework in Frameworks */,
			);
			runOnlyForDeploymentPostprocessing = 0;
		};
/* End PBXFrameworksBuildPhase section */

/* Begin PBXGroup section */
		09398CC7255B46E9006A6AF7 = {
			isa = PBXGroup;
			children = (
				09398CD2255B46EA006A6AF7 /* SpringAnimationApp */,
				09398CD1255B46EA006A6AF7 /* Products */,
				0D2CEE69467DD31D8F21AF87 /* Pods */,
				6CA66048BA2A27D19EE17916 /* Frameworks */,
			);
			sourceTree = "<group>";
		};
		09398CD1255B46EA006A6AF7 /* Products */ = {
			isa = PBXGroup;
			children = (
				09398CD0255B46EA006A6AF7 /* SpringAnimationApp.app */,
			);
			name = Products;
			sourceTree = "<group>";
		};
		09398CD2255B46EA006A6AF7 /* SpringAnimationApp */ = {
			isa = PBXGroup;
			children = (
				09398CD3255B46EA006A6AF7 /* AppDelegate.swift */,
				09398CD5255B46EA006A6AF7 /* SceneDelegate.swift */,
				09398CD7255B46EA006A6AF7 /* ViewController.swift */,
				09398CD9255B46EA006A6AF7 /* Main.storyboard */,
				09398CDC255B46EB006A6AF7 /* Assets.xcassets */,
				09398CDE255B46EB006A6AF7 /* LaunchScreen.storyboard */,
				09398CE1255B46EB006A6AF7 /* Info.plist */,
				09586724255C8B7600D830DF /* Animation.swift */,
				09CDE060255CBF7100A2FB94 /* DataManager.swift */,
			);
			path = SpringAnimationApp;
			sourceTree = "<group>";
		};
		0D2CEE69467DD31D8F21AF87 /* Pods */ = {
			isa = PBXGroup;
			children = (
				DBED5DA743233DB224B3790F /* Pods-SpringAnimationApp.debug.xcconfig */,
				7CD96EC510B1FC7E97CC6F82 /* Pods-SpringAnimationApp.release.xcconfig */,
			);
			path = Pods;
			sourceTree = "<group>";
		};
		6CA66048BA2A27D19EE17916 /* Frameworks */ = {
			isa = PBXGroup;
			children = (
				9245DA17D0C8772A3C85FA9E /* Pods_SpringAnimationApp.framework */,
			);
			name = Frameworks;
			sourceTree = "<group>";
		};
/* End PBXGroup section */

/* Begin PBXNativeTarget section */
		09398CCF255B46EA006A6AF7 /* SpringAnimationApp */ = {
			isa = PBXNativeTarget;
			buildConfigurationList = 09398CE4255B46EB006A6AF7 /* Build configuration list for PBXNativeTarget "SpringAnimationApp" */;
			buildPhases = (
				5E805519A2EB1F1A98B576F0 /* [CP] Check Pods Manifest.lock */,
				09398CCC255B46EA006A6AF7 /* Sources */,
				09398CCD255B46EA006A6AF7 /* Frameworks */,
				09398CCE255B46EA006A6AF7 /* Resources */,
				64C347F5E26C1FED9B56785D /* [CP] Embed Pods Frameworks */,
			);
			buildRules = (
			);
			dependencies = (
			);
			name = SpringAnimationApp;
			productName = SpringAnimationApp;
			productReference = 09398CD0255B46EA006A6AF7 /* SpringAnimationApp.app */;
			productType = "com.apple.product-type.application";
		};
/* End PBXNativeTarget section */

/* Begin PBXProject section */
		09398CC8255B46E9006A6AF7 /* Project object */ = {
			isa = PBXProject;
			attributes = {
				LastSwiftUpdateCheck = 1210;
				LastUpgradeCheck = 1210;
				TargetAttributes = {
					09398CCF255B46EA006A6AF7 = {
						CreatedOnToolsVersion = 12.1;
					};
				};
			};
			buildConfigurationList = 09398CCB255B46E9006A6AF7 /* Build configuration list for PBXProject "SpringAnimationApp" */;
			compatibilityVersion = "Xcode 9.3";
			developmentRegion = en;
			hasScannedForEncodings = 0;
			knownRegions = (
				en,
				Base,
			);
			mainGroup = 09398CC7255B46E9006A6AF7;
			productRefGroup = 09398CD1255B46EA006A6AF7 /* Products */;
			projectDirPath = "";
			projectRoot = "";
			targets = (
				09398CCF255B46EA006A6AF7 /* SpringAnimationApp */,
			);
		};
/* End PBXProject section */

/* Begin PBXResourcesBuildPhase section */
		09398CCE255B46EA006A6AF7 /* Resources */ = {
			isa = PBXResourcesBuildPhase;
			buildActionMask = 2147483647;
			files = (
				09398CE0255B46EB006A6AF7 /* LaunchScreen.storyboard in Resources */,
				09398CDD255B46EB006A6AF7 /* Assets.xcassets in Resources */,
				09398CDB255B46EA006A6AF7 /* Main.storyboard in Resources */,
			);
			runOnlyForDeploymentPostprocessing = 0;
		};
/* End PBXResourcesBuildPhase section */

/* Begin PBXShellScriptBuildPhase section */
		5E805519A2EB1F1A98B576F0 /* [CP] Check Pods Manifest.lock */ = {
			isa = PBXShellScriptBuildPhase;
			buildActionMask = 2147483647;
			files = (
			);
			inputFileListPaths = (
			);
			inputPaths = (
				"${PODS_PODFILE_DIR_PATH}/Podfile.lock",
				"${PODS_ROOT}/Manifest.lock",
			);
			name = "[CP] Check Pods Manifest.lock";
			outputFileListPaths = (
			);
			outputPaths = (
				"$(DERIVED_FILE_DIR)/Pods-SpringAnimationApp-checkManifestLockResult.txt",
			);
			runOnlyForDeploymentPostprocessing = 0;
			shellPath = /bin/sh;
			shellScript = "diff \"${PODS_PODFILE_DIR_PATH}/Podfile.lock\" \"${PODS_ROOT}/Manifest.lock\" > /dev/null\nif [ $? != 0 ] ; then\n    # print error to STDERR\n    echo \"error: The sandbox is not in sync with the Podfile.lock. Run 'pod install' or update your CocoaPods installation.\" >&2\n    exit 1\nfi\n# This output is used by Xcode 'outputs' to avoid re-running this script phase.\necho \"SUCCESS\" > \"${SCRIPT_OUTPUT_FILE_0}\"\n";
			showEnvVarsInLog = 0;
		};
		64C347F5E26C1FED9B56785D /* [CP] Embed Pods Frameworks */ = {
			isa = PBXShellScriptBuildPhase;
			buildActionMask = 2147483647;
			files = (
			);
			inputFileListPaths = (
				"${PODS_ROOT}/Target Support Files/Pods-SpringAnimationApp/Pods-SpringAnimationApp-frameworks-${CONFIGURATION}-input-files.xcfilelist",
			);
			name = "[CP] Embed Pods Frameworks";
			outputFileListPaths = (
				"${PODS_ROOT}/Target Support Files/Pods-SpringAnimationApp/Pods-SpringAnimationApp-frameworks-${CONFIGURATION}-output-files.xcfilelist",
			);
			runOnlyForDeploymentPostprocessing = 0;
			shellPath = /bin/sh;
			shellScript = "\"${PODS_ROOT}/Target Support Files/Pods-SpringAnimationApp/Pods-SpringAnimationApp-frameworks.sh\"\n";
			showEnvVarsInLog = 0;
		};
/* End PBXShellScriptBuildPhase section */

/* Begin PBXSourcesBuildPhase section */
		09398CCC255B46EA006A6AF7 /* Sources */ = {
			isa = PBXSourcesBuildPhase;
			buildActionMask = 2147483647;
			files = (
				09398CD8255B46EA006A6AF7 /* ViewController.swift in Sources */,
				09CDE061255CBF7100A2FB94 /* DataManager.swift in Sources */,
				09398CD4255B46EA006A6AF7 /* AppDelegate.swift in Sources */,
				09586725255C8B7600D830DF /* Animation.swift in Sources */,
				09398CD6255B46EA006A6AF7 /* SceneDelegate.swift in Sources */,
			);
			runOnlyForDeploymentPostprocessing = 0;
		};
/* End PBXSourcesBuildPhase section */

/* Begin PBXVariantGroup section */
		09398CD9255B46EA006A6AF7 /* Main.storyboard */ = {
			isa = PBXVariantGroup;
			children = (
				09398CDA255B46EA006A6AF7 /* Base */,
			);
			name = Main.storyboard;
			sourceTree = "<group>";
		};
		09398CDE255B46EB006A6AF7 /* LaunchScreen.storyboard */ = {
			isa = PBXVariantGroup;
			children = (
				09398CDF255B46EB006A6AF7 /* Base */,
			);
			name = LaunchScreen.storyboard;
			sourceTree = "<group>";
		};
/* End PBXVariantGroup section */

/* Begin XCBuildConfiguration section */
		09398CE2255B46EB006A6AF7 /* Debug */ = {
			isa = XCBuildConfiguration;
			buildSettings = {
				ALWAYS_SEARCH_USER_PATHS = NO;
				CLANG_ANALYZER_NONNULL = YES;
				CLANG_ANALYZER_NUMBER_OBJECT_CONVERSION = YES_AGGRESSIVE;
				CLANG_CXX_LANGUAGE_STANDARD = "gnu++14";
				CLANG_CXX_LIBRARY = "libc++";
				CLANG_ENABLE_MODULES = YES;
				CLANG_ENABLE_OBJC_ARC = YES;
				CLANG_ENABLE_OBJC_WEAK = YES;
				CLANG_WARN_BLOCK_CAPTURE_AUTORELEASING = YES;
				CLANG_WARN_BOOL_CONVERSION = YES;
				CLANG_WARN_COMMA = YES;
				CLANG_WARN_CONSTANT_CONVERSION = YES;
				CLANG_WARN_DEPRECATED_OBJC_IMPLEMENTATIONS = YES;
				CLANG_WARN_DIRECT_OBJC_ISA_USAGE = YES_ERROR;
				CLANG_WARN_DOCUMENTATION_COMMENTS = YES;
				CLANG_WARN_EMPTY_BODY = YES;
				CLANG_WARN_ENUM_CONVERSION = YES;
				CLANG_WARN_INFINITE_RECURSION = YES;
				CLANG_WARN_INT_CONVERSION = YES;
				CLANG_WARN_NON_LITERAL_NULL_CONVERSION = YES;
				CLANG_WARN_OBJC_IMPLICIT_RETAIN_SELF = YES;
				CLANG_WARN_OBJC_LITERAL_CONVERSION = YES;
				CLANG_WARN_OBJC_ROOT_CLASS = YES_ERROR;
				CLANG_WARN_QUOTED_INCLUDE_IN_FRAMEWORK_HEADER = YES;
				CLANG_WARN_RANGE_LOOP_ANALYSIS = YES;
				CLANG_WARN_STRICT_PROTOTYPES = YES;
				CLANG_WARN_SUSPICIOUS_MOVE = YES;
				CLANG_WARN_UNGUARDED_AVAILABILITY = YES_AGGRESSIVE;
				CLANG_WARN_UNREACHABLE_CODE = YES;
				CLANG_WARN__DUPLICATE_METHOD_MATCH = YES;
				COPY_PHASE_STRIP = NO;
				DEBUG_INFORMATION_FORMAT = dwarf;
				ENABLE_STRICT_OBJC_MSGSEND = YES;
				ENABLE_TESTABILITY = YES;
				GCC_C_LANGUAGE_STANDARD = gnu11;
				GCC_DYNAMIC_NO_PIC = NO;
				GCC_NO_COMMON_BLOCKS = YES;
				GCC_OPTIMIZATION_LEVEL = 0;
				GCC_PREPROCESSOR_DEFINITIONS = (
					"DEBUG=1",
					"$(inherited)",
				);
				GCC_WARN_64_TO_32_BIT_CONVERSION = YES;
				GCC_WARN_ABOUT_RETURN_TYPE = YES_ERROR;
				GCC_WARN_UNDECLARED_SELECTOR = YES;
				GCC_WARN_UNINITIALIZED_AUTOS = YES_AGGRESSIVE;
				GCC_WARN_UNUSED_FUNCTION = YES;
				GCC_WARN_UNUSED_VARIABLE = YES;
				IPHONEOS_DEPLOYMENT_TARGET = 14.1;
				MTL_ENABLE_DEBUG_INFO = INCLUDE_SOURCE;
				MTL_FAST_MATH = YES;
				ONLY_ACTIVE_ARCH = YES;
				SDKROOT = iphoneos;
				SWIFT_ACTIVE_COMPILATION_CONDITIONS = DEBUG;
				SWIFT_OPTIMIZATION_LEVEL = "-Onone";
			};
			name = Debug;
		};
		09398CE3255B46EB006A6AF7 /* Release */ = {
			isa = XCBuildConfiguration;
			buildSettings = {
				ALWAYS_SEARCH_USER_PATHS = NO;
				CLANG_ANALYZER_NONNULL = YES;
				CLANG_ANALYZER_NUMBER_OBJECT_CONVERSION = YES_AGGRESSIVE;
				CLANG_CXX_LANGUAGE_STANDARD = "gnu++14";
				CLANG_CXX_LIBRARY = "libc++";
				CLANG_ENABLE_MODULES = YES;
				CLANG_ENABLE_OBJC_ARC = YES;
				CLANG_ENABLE_OBJC_WEAK = YES;
				CLANG_WARN_BLOCK_CAPTURE_AUTORELEASING = YES;
				CLANG_WARN_BOOL_CONVERSION = YES;
				CLANG_WARN_COMMA = YES;
				CLANG_WARN_CONSTANT_CONVERSION = YES;
				CLANG_WARN_DEPRECATED_OBJC_IMPLEMENTATIONS = YES;
				CLANG_WARN_DIRECT_OBJC_ISA_USAGE = YES_ERROR;
				CLANG_WARN_DOCUMENTATION_COMMENTS = YES;
				CLANG_WARN_EMPTY_BODY = YES;
				CLANG_WARN_ENUM_CONVERSION = YES;
				CLANG_WARN_INFINITE_RECURSION = YES;
				CLANG_WARN_INT_CONVERSION = YES;
				CLANG_WARN_NON_LITERAL_NULL_CONVERSION = YES;
				CLANG_WARN_OBJC_IMPLICIT_RETAIN_SELF = YES;
				CLANG_WARN_OBJC_LITERAL_CONVERSION = YES;
				CLANG_WARN_OBJC_ROOT_CLASS = YES_ERROR;
				CLANG_WARN_QUOTED_INCLUDE_IN_FRAMEWORK_HEADER = YES;
				CLANG_WARN_RANGE_LOOP_ANALYSIS = YES;
				CLANG_WARN_STRICT_PROTOTYPES = YES;
				CLANG_WARN_SUSPICIOUS_MOVE = YES;
				CLANG_WARN_UNGUARDED_AVAILABILITY = YES_AGGRESSIVE;
				CLANG_WARN_UNREACHABLE_CODE = YES;
				CLANG_WARN__DUPLICATE_METHOD_MATCH = YES;
				COPY_PHASE_STRIP = NO;
				DEBUG_INFORMATION_FORMAT = "dwarf-with-dsym";
				ENABLE_NS_ASSERTIONS = NO;
				ENABLE_STRICT_OBJC_MSGSEND = YES;
				GCC_C_LANGUAGE_STANDARD = gnu11;
				GCC_NO_COMMON_BLOCKS = YES;
				GCC_WARN_64_TO_32_BIT_CONVERSION = YES;
				GCC_WARN_ABOUT_RETURN_TYPE = YES_ERROR;
				GCC_WARN_UNDECLARED_SELECTOR = YES;
				GCC_WARN_UNINITIALIZED_AUTOS = YES_AGGRESSIVE;
				GCC_WARN_UNUSED_FUNCTION = YES;
				GCC_WARN_UNUSED_VARIABLE = YES;
				IPHONEOS_DEPLOYMENT_TARGET = 14.1;
				MTL_ENABLE_DEBUG_INFO = NO;
				MTL_FAST_MATH = YES;
				SDKROOT = iphoneos;
				SWIFT_COMPILATION_MODE = wholemodule;
				SWIFT_OPTIMIZATION_LEVEL = "-O";
				VALIDATE_PRODUCT = YES;
			};
			name = Release;
		};
		09398CE5255B46EB006A6AF7 /* Debug */ = {
			isa = XCBuildConfiguration;
			baseConfigurationReference = DBED5DA743233DB224B3790F /* Pods-SpringAnimationApp.debug.xcconfig */;
			buildSettings = {
				ASSETCATALOG_COMPILER_APPICON_NAME = AppIcon;
				ASSETCATALOG_COMPILER_GLOBAL_ACCENT_COLOR_NAME = AccentColor;
				CODE_SIGN_STYLE = Automatic;
				DEVELOPMENT_TEAM = Z55DF93WWR;
				INFOPLIST_FILE = SpringAnimationApp/Info.plist;
				LD_RUNPATH_SEARCH_PATHS = (
					"$(inherited)",
					"@executable_path/Frameworks",
				);
				PRODUCT_BUNDLE_IDENTIFIER = "com.-gmail.pershin.ilya31.SpringAnimationApp";
				PRODUCT_NAME = "$(TARGET_NAME)";
				SWIFT_VERSION = 5.0;
				TARGETED_DEVICE_FAMILY = 1;
			};
			name = Debug;
		};
		09398CE6255B46EB006A6AF7 /* Release */ = {
			isa = XCBuildConfiguration;
			baseConfigurationReference = 7CD96EC510B1FC7E97CC6F82 /* Pods-SpringAnimationApp.release.xcconfig */;
			buildSettings = {
				ASSETCATALOG_COMPILER_APPICON_NAME = AppIcon;
				ASSETCATALOG_COMPILER_GLOBAL_ACCENT_COLOR_NAME = AccentColor;
				CODE_SIGN_STYLE = Automatic;
				DEVELOPMENT_TEAM = Z55DF93WWR;
				INFOPLIST_FILE = SpringAnimationApp/Info.plist;
				LD_RUNPATH_SEARCH_PATHS = (
					"$(inherited)",
					"@executable_path/Frameworks",
				);
				PRODUCT_BUNDLE_IDENTIFIER = "com.-gmail.pershin.ilya31.SpringAnimationApp";
				PRODUCT_NAME = "$(TARGET_NAME)";
				SWIFT_VERSION = 5.0;
				TARGETED_DEVICE_FAMILY = 1;
			};
			name = Release;
		};
/* End XCBuildConfiguration section */

/* Begin XCConfigurationList section */
		09398CCB255B46E9006A6AF7 /* Build configuration list for PBXProject "SpringAnimationApp" */ = {
			isa = XCConfigurationList;
			buildConfigurations = (
				09398CE2255B46EB006A6AF7 /* Debug */,
				09398CE3255B46EB006A6AF7 /* Release */,
			);
			defaultConfigurationIsVisible = 0;
			defaultConfigurationName = Release;
		};
		09398CE4255B46EB006A6AF7 /* Build configuration list for PBXNativeTarget "SpringAnimationApp" */ = {
			isa = XCConfigurationList;
			buildConfigurations = (
				09398CE5255B46EB006A6AF7 /* Debug */,
				09398CE6255B46EB006A6AF7 /* Release */,
			);
			defaultConfigurationIsVisible = 0;
			defaultConfigurationName = Release;
		};
/* End XCConfigurationList section */
	};
	rootObject = 09398CC8255B46E9006A6AF7 /* Project object */;
}
